
Microsoft Visual Studio Solution File, Format Version 12.00
# Visual Studio Version 17
VisualStudioVersion = 17.14.36212.18 d17.14
MinimumVisualStudioVersion = 10.0.40219.1
Project("{FAE04EC0-301F-11D3-BF4B-00C04F79EFBC}") = "Automation KT Assignments", "Automation KT Assignments\Automation KT Assignments.csproj", "{E6C607D8-69FC-45E1-8596-148266D4BAC7}"
EndProject
Global
	GlobalSection(SolutionConfigurationPlatforms) = preSolution
		Debug|Any CPU = Debug|Any CPU
		Release|Any CPU = Release|Any CPU
	EndGlobalSection
	GlobalSection(ProjectConfigurationPlatforms) = postSolution
		{E6C607D8-69FC-45E1-8596-148266D4BAC7}.Debug|Any CPU.ActiveCfg = Debug|Any CPU
		{E6C607D8-69FC-45E1-8596-148266D4BAC7}.Debug|Any CPU.Build.0 = Debug|Any CPU
		{E6C607D8-69FC-45E1-8596-148266D4BAC7}.Release|Any CPU.ActiveCfg = Release|Any CPU
		{E6C607D8-69FC-45E1-8596-148266D4BAC7}.Release|Any CPU.Build.0 = Release|Any CPU
	EndGlobalSection
	GlobalSection(SolutionProperties) = preSolution
		HideSolutionNode = FALSE
	EndGlobalSection
	GlobalSection(ExtensibilityGlobals) = postSolution
		SolutionGuid = {0376B90E-6E23-47DF-AEB1-79D7F9FBBA5C}
	EndGlobalSection
EndGlobal
